
Microsoft Visual Studio Solution File, Format Version 12.00
# Visual Studio Version 16
VisualStudioVersion = 16.0.30611.23
MinimumVisualStudioVersion = 10.0.40219.1
Project("{9A19103F-16F7-4668-BE54-9A1E7A4F7556}") = "PointOfSale", "PointOfSale\PointOfSale.csproj", "{9558324B-CC44-46F0-A1CA-4C208B807191}"
EndProject
Project("{9A19103F-16F7-4668-BE54-9A1E7A4F7556}") = "PointOfSaleService", "PointOfSaleService\PointOfSaleService.csproj", "{4FA47D31-F645-43AF-ABB0-5C838E3A2FA1}"
EndProject
Project("{9A19103F-16F7-4668-BE54-9A1E7A4F7556}") = "PointOfSaleDomain", "PointOfSaleDomain\PointOfSaleDomain.csproj", "{55EFE022-AA8E-48E6-9860-CE8195C7A631}"
EndProject
Project("{9A19103F-16F7-4668-BE54-9A1E7A4F7556}") = "PointOfSaleInfra", "PointOfSaleInfra\PointOfSaleInfra.csproj", "{724DA401-4553-4C10-8BDE-AACA009B5FD9}"
EndProject
Project("{FAE04EC0-301F-11D3-BF4B-00C04F79EFBC}") = "PointOfSaleServiceTests", "PointOfSaleServiceTests\PointOfSaleServiceTests.csproj", "{D643388F-26A6-4629-BF79-FE9802B0C3B8}"
EndProject
Project("{2150E333-8FDC-42A3-9474-1A3956D46DE8}") = "Tests", "Tests", "{3216A721-7301-430E-888D-4C095239C731}"
EndProject
Global
	GlobalSection(SolutionConfigurationPlatforms) = preSolution
		Debug|Any CPU = Debug|Any CPU
		Release|Any CPU = Release|Any CPU
	EndGlobalSection
	GlobalSection(ProjectConfigurationPlatforms) = postSolution
		{9558324B-CC44-46F0-A1CA-4C208B807191}.Debug|Any CPU.ActiveCfg = Debug|Any CPU
		{9558324B-CC44-46F0-A1CA-4C208B807191}.Debug|Any CPU.Build.0 = Debug|Any CPU
		{9558324B-CC44-46F0-A1CA-4C208B807191}.Release|Any CPU.ActiveCfg = Release|Any CPU
		{9558324B-CC44-46F0-A1CA-4C208B807191}.Release|Any CPU.Build.0 = Release|Any CPU
		{4FA47D31-F645-43AF-ABB0-5C838E3A2FA1}.Debug|Any CPU.ActiveCfg = Debug|Any CPU
		{4FA47D31-F645-43AF-ABB0-5C838E3A2FA1}.Debug|Any CPU.Build.0 = Debug|Any CPU
		{4FA47D31-F645-43AF-ABB0-5C838E3A2FA1}.Release|Any CPU.ActiveCfg = Release|Any CPU
		{4FA47D31-F645-43AF-ABB0-5C838E3A2FA1}.Release|Any CPU.Build.0 = Release|Any CPU
		{55EFE022-AA8E-48E6-9860-CE8195C7A631}.Debug|Any CPU.ActiveCfg = Debug|Any CPU
		{55EFE022-AA8E-48E6-9860-CE8195C7A631}.Debug|Any CPU.Build.0 = Debug|Any CPU
		{55EFE022-AA8E-48E6-9860-CE8195C7A631}.Release|Any CPU.ActiveCfg = Release|Any CPU
		{55EFE022-AA8E-48E6-9860-CE8195C7A631}.Release|Any CPU.Build.0 = Release|Any CPU
		{724DA401-4553-4C10-8BDE-AACA009B5FD9}.Debug|Any CPU.ActiveCfg = Debug|Any CPU
		{724DA401-4553-4C10-8BDE-AACA009B5FD9}.Debug|Any CPU.Build.0 = Debug|Any CPU
		{724DA401-4553-4C10-8BDE-AACA009B5FD9}.Release|Any CPU.ActiveCfg = Release|Any CPU
		{724DA401-4553-4C10-8BDE-AACA009B5FD9}.Release|Any CPU.Build.0 = Release|Any CPU
		{D643388F-26A6-4629-BF79-FE9802B0C3B8}.Debug|Any CPU.ActiveCfg = Debug|Any CPU
		{D643388F-26A6-4629-BF79-FE9802B0C3B8}.Debug|Any CPU.Build.0 = Debug|Any CPU
		{D643388F-26A6-4629-BF79-FE9802B0C3B8}.Release|Any CPU.ActiveCfg = Release|Any CPU
		{D643388F-26A6-4629-BF79-FE9802B0C3B8}.Release|Any CPU.Build.0 = Release|Any CPU
	EndGlobalSection
	GlobalSection(SolutionProperties) = preSolution
		HideSolutionNode = FALSE
	EndGlobalSection
	GlobalSection(NestedProjects) = preSolution
		{D643388F-26A6-4629-BF79-FE9802B0C3B8} = {3216A721-7301-430E-888D-4C095239C731}
	EndGlobalSection
	GlobalSection(ExtensibilityGlobals) = postSolution
		SolutionGuid = {BFA838C9-228E-4E3E-8D16-C131BA7E8D96}
	EndGlobalSection
EndGlobal
